
Microsoft Visual Studio Solution File, Format Version 12.00
# Visual Studio 15
VisualStudioVersion = 15.0.28307.1972
MinimumVisualStudioVersion = 10.0.40219.1
Project("{FAE04EC0-301F-11D3-BF4B-00C04F79EFBC}") = "time_screen", "time_screen\time_screen.csproj", "{FB8F2A77-3EFB-49E9-BBE5-D893CD89D6C1}"
EndProject
Global
	GlobalSection(SolutionConfigurationPlatforms) = preSolution
		Debug|Any CPU = Debug|Any CPU
		Release|Any CPU = Release|Any CPU
	EndGlobalSection
	GlobalSection(ProjectConfigurationPlatforms) = postSolution
		{FB8F2A77-3EFB-49E9-BBE5-D893CD89D6C1}.Debug|Any CPU.ActiveCfg = Debug|Any CPU
		{FB8F2A77-3EFB-49E9-BBE5-D893CD89D6C1}.Debug|Any CPU.Build.0 = Debug|Any CPU
		{FB8F2A77-3EFB-49E9-BBE5-D893CD89D6C1}.Release|Any CPU.ActiveCfg = Release|Any CPU
		{FB8F2A77-3EFB-49E9-BBE5-D893CD89D6C1}.Release|Any CPU.Build.0 = Release|Any CPU
	EndGlobalSection
	GlobalSection(SolutionProperties) = preSolution
		HideSolutionNode = FALSE
	EndGlobalSection
	GlobalSection(ExtensibilityGlobals) = postSolution
		SolutionGuid = {83D3C5EB-9AEF-4548-88DD-083874093D7A}
	EndGlobalSection
EndGlobal
